// !$*UTF8*$!
{
	archiveVersion = 1;
	classes = {
	};
	objectVersion = 56;
	objects = {

/* Begin PBXBuildFile section */
		A10000012D000000000000001 /* Demo_visionOSApp.swift in Sources */ = {isa = PBXBuildFile; fileRef = A100000E2D000000000000001 /* Demo_visionOSApp.swift */; };
		A10000012D000000000000002 /* ContentView.swift in Sources */ = {isa = PBXBuildFile; fileRef = A100000E2D000000000000002 /* ContentView.swift */; };
		A10000012D000000000000003 /* Assets.xcassets in Resources */ = {isa = PBXBuildFile; fileRef = A100000E2D000000000000003 /* Assets.xcassets */; };
		A10000012D000000000000004 /* Preview Assets.xcassets in Resources */ = {isa = PBXBuildFile; fileRef = A100000E2D000000000000004 /* Preview Assets.xcassets */; };
		A10000012D000000000000005 /* MPVPlayerDelegate.swift in Sources */ = {isa = PBXBuildFile; fileRef = A100000E2D000000000000005 /* MPVPlayerDelegate.swift */; };
		A10000012D000000000000006 /* MPVProperty.swift in Sources */ = {isa = PBXBuildFile; fileRef = A100000E2D000000000000006 /* MPVProperty.swift */; };
		A10000012D000000000000007 /* MetalLayer.swift in Sources */ = {isa = PBXBuildFile; fileRef = A100000E2D000000000000007 /* MetalLayer.swift */; };
		A10000012D000000000000008 /* MPVMetalPlayerView.swift in Sources */ = {isa = PBXBuildFile; fileRef = A100000E2D000000000000008 /* MPVMetalPlayerView.swift */; };
		A10000012D000000000000009 /* MPVMetalViewController.swift in Sources */ = {isa = PBXBuildFile; fileRef = A100000E2D000000000000009 /* MPVMetalViewController.swift */; };
		A100000F2D000000000000001 /* MPVKit-GPL in Frameworks */ = {isa = PBXBuildFile; productRef = A100000D2D000000000000001 /* MPVKit-GPL */; };
/* End PBXBuildFile section */

/* Begin PBXFileReference section */
		A100000A2D000000000000001 /* Demo-visionOS.app */ = {isa = PBXFileReference; explicitFileType = wrapper.application; includeInIndex = 0; path = "Demo-visionOS.app"; sourceTree = BUILT_PRODUCTS_DIR; };
		A100000E2D000000000000001 /* Demo_visionOSApp.swift */ = {isa = PBXFileReference; lastKnownFileType = sourcecode.swift; path = Demo_visionOSApp.swift; sourceTree = "<group>"; };
		A100000E2D000000000000002 /* ContentView.swift */ = {isa = PBXFileReference; lastKnownFileType = sourcecode.swift; path = ContentView.swift; sourceTree = "<group>"; };
		A100000E2D000000000000003 /* Assets.xcassets */ = {isa = PBXFileReference; lastKnownFileType = folder.assetcatalog; path = Assets.xcassets; sourceTree = "<group>"; };
		A100000E2D000000000000004 /* Preview Assets.xcassets */ = {isa = PBXFileReference; lastKnownFileType = folder.assetcatalog; path = "Preview Assets.xcassets"; sourceTree = "<group>"; };
		A100000E2D000000000000005 /* MPVPlayerDelegate.swift */ = {isa = PBXFileReference; lastKnownFileType = sourcecode.swift; path = MPVPlayerDelegate.swift; sourceTree = "<group>"; };
		A100000E2D000000000000006 /* MPVProperty.swift */ = {isa = PBXFileReference; lastKnownFileType = sourcecode.swift; path = MPVProperty.swift; sourceTree = "<group>"; };
		A100000E2D000000000000007 /* MetalLayer.swift */ = {isa = PBXFileReference; lastKnownFileType = sourcecode.swift; path = MetalLayer.swift; sourceTree = "<group>"; };
		A100000E2D000000000000008 /* MPVMetalPlayerView.swift */ = {isa = PBXFileReference; lastKnownFileType = sourcecode.swift; path = MPVMetalPlayerView.swift; sourceTree = "<group>"; };
		A100000E2D000000000000009 /* MPVMetalViewController.swift */ = {isa = PBXFileReference; lastKnownFileType = sourcecode.swift; path = MPVMetalViewController.swift; sourceTree = "<group>"; };
		A100000E2D00000000000000A /* Info.plist */ = {isa = PBXFileReference; lastKnownFileType = text.plist; path = Info.plist; sourceTree = "<group>"; };
		A100000E2D00000000000000B /* MPVKit */ = {isa = PBXFileReference; lastKnownFileType = wrapper; name = MPVKit; path = ../..; sourceTree = "<group>"; };
/* End PBXFileReference section */

/* Begin PBXFrameworksBuildPhase section */
		A100000B2D000000000000001 /* Frameworks */ = {
			isa = PBXFrameworksBuildPhase;
			buildActionMask = 2147483647;
			files = (
				A100000F2D000000000000001 /* MPVKit-GPL in Frameworks */,
			);
			runOnlyForDeploymentPostprocessing = 0;
		};
/* End PBXFrameworksBuildPhase section */

/* Begin PBXGroup section */
		A100000022D000000000000001 = {
			isa = PBXGroup;
			children = (
				A100000022D000000000000002 /* Demo-visionOS */,
				A100000022D000000000000003 /* Products */,
				A100000022D000000000000004 /* Frameworks */,
			);
			sourceTree = "<group>";
		};
		A100000022D000000000000002 /* Demo-visionOS */ = {
			isa = PBXGroup;
			children = (
				A100000E2D00000000000000A /* Info.plist */,
				A100000022D000000000000005 /* Player */,
				A100000E2D000000000000001 /* Demo_visionOSApp.swift */,
				A100000E2D000000000000002 /* ContentView.swift */,
				A100000E2D000000000000003 /* Assets.xcassets */,
				A100000022D000000000000008 /* Preview Content */,
			);
			path = "Demo-visionOS";
			sourceTree = "<group>";
		};
		A100000022D000000000000003 /* Products */ = {
			isa = PBXGroup;
			children = (
				A100000A2D000000000000001 /* Demo-visionOS.app */,
			);
			name = Products;
			sourceTree = "<group>";
		};
		A100000022D000000000000004 /* Frameworks */ = {
			isa = PBXGroup;
			children = (
				A100000E2D00000000000000B /* MPVKit */,
			);
			name = Frameworks;
			sourceTree = "<group>";
		};
		A100000022D000000000000005 /* Player */ = {
			isa = PBXGroup;
			children = (
				A100000E2D000000000000005 /* MPVPlayerDelegate.swift */,
				A100000E2D000000000000006 /* MPVProperty.swift */,
				A100000022D000000000000006 /* Metal */,
			);
			path = Player;
			sourceTree = "<group>";
		};
		A100000022D000000000000006 /* Metal */ = {
			isa = PBXGroup;
			children = (
				A100000E2D000000000000007 /* MetalLayer.swift */,
				A100000E2D000000000000008 /* MPVMetalPlayerView.swift */,
				A100000E2D000000000000009 /* MPVMetalViewController.swift */,
			);
			path = Metal;
			sourceTree = "<group>";
		};
		A100000022D000000000000008 /* Preview Content */ = {
			isa = PBXGroup;
			children = (
				A100000E2D000000000000004 /* Preview Assets.xcassets */,
			);
			path = "Preview Content";
			sourceTree = "<group>";
		};
/* End PBXGroup section */

/* Begin PBXNativeTarget section */
		A100000C2D000000000000001 /* Demo-visionOS */ = {
			isa = PBXNativeTarget;
			buildConfigurationList = A100000082D000000000000002 /* Build configuration list for PBXNativeTarget "Demo-visionOS" */;
			buildPhases = (
				A100000B2D000000000000002 /* Sources */,
				A100000B2D000000000000001 /* Frameworks */,
				A100000B2D000000000000003 /* Resources */,
			);
			buildRules = (
			);
			dependencies = (
			);
			name = "Demo-visionOS";
			packageProductDependencies = (
				A100000D2D000000000000001 /* MPVKit-GPL */,
			);
			productName = "Demo-visionOS";
			productReference = A100000A2D000000000000001 /* Demo-visionOS.app */;
			productType = "com.apple.product-type.application";
		};
/* End PBXNativeTarget section */

/* Begin PBXProject section */
		A100000092D000000000000001 /* Project object */ = {
			isa = PBXProject;
			attributes = {
				BuildIndependentTargetsInParallel = 1;
				LastSwiftUpdateCheck = 1540;
				LastUpgradeCheck = 1540;
				TargetAttributes = {
					A100000C2D000000000000001 = {
						CreatedOnToolsVersion = 15.4;
					};
				};
			};
			buildConfigurationList = A100000082D000000000000001 /* Build configuration list for PBXProject "Demo-visionOS" */;
			compatibilityVersion = "Xcode 14.0";
			developmentRegion = en;
			hasScannedForEncodings = 0;
			knownRegions = (
				en,
				Base,
			);
			mainGroup = A100000022D000000000000001;
			packageReferences = (
			);
			productRefGroup = A100000022D000000000000003 /* Products */;
			projectDirPath = "";
			projectRoot = "";
			targets = (
				A100000C2D000000000000001 /* Demo-visionOS */,
			);
		};
/* End PBXProject section */

/* Begin PBXResourcesBuildPhase section */
		A100000B2D000000000000003 /* Resources */ = {
			isa = PBXResourcesBuildPhase;
			buildActionMask = 2147483647;
			files = (
				A10000012D000000000000004 /* Preview Assets.xcassets in Resources */,
				A10000012D000000000000003 /* Assets.xcassets in Resources */,
			);
			runOnlyForDeploymentPostprocessing = 0;
		};
/* End PBXResourcesBuildPhase section */

/* Begin PBXSourcesBuildPhase section */
		A100000B2D000000000000002 /* Sources */ = {
			isa = PBXSourcesBuildPhase;
			buildActionMask = 2147483647;
			files = (
				A10000012D000000000000009 /* MPVMetalViewController.swift in Sources */,
				A10000012D000000000000002 /* ContentView.swift in Sources */,
				A10000012D000000000000007 /* MetalLayer.swift in Sources */,
				A10000012D000000000000001 /* Demo_visionOSApp.swift in Sources */,
				A10000012D000000000000006 /* MPVProperty.swift in Sources */,
				A10000012D000000000000005 /* MPVPlayerDelegate.swift in Sources */,
				A10000012D000000000000008 /* MPVMetalPlayerView.swift in Sources */,
			);
			runOnlyForDeploymentPostprocessing = 0;
		};
/* End PBXSourcesBuildPhase section */

/* Begin XCBuildConfiguration section */
		A100000072D000000000000001 /* Debug */ = {
			isa = XCBuildConfiguration;
			buildSettings = {
				ALWAYS_SEARCH_USER_PATHS = NO;
				CLANG_ANALYZER_NONNULL = YES;
				CLANG_ANALYZER_NUMBER_OBJECT_CONVERSION = YES_AGGRESSIVE;
				CLANG_CXX_LANGUAGE_STANDARD = "gnu++20";
				CLANG_ENABLE_MODULES = YES;
				CLANG_ENABLE_OBJC_ARC = YES;
				CLANG_ENABLE_OBJC_WEAK = YES;
				CLANG_WARN_BLOCK_CAPTURE_AUTORELEASING = YES;
				CLANG_WARN_BOOL_CONVERSION = YES;
				CLANG_WARN_COMMA = YES;
				CLANG_WARN_CONSTANT_CONVERSION = YES;
				CLANG_WARN_DEPRECATED_OBJC_IMPLEMENTATIONS = YES;
				CLANG_WARN_DIRECT_OBJC_ISA_USAGE = YES_ERROR;
				CLANG_WARN_DOCUMENTATION_COMMENTS = YES;
				CLANG_WARN_EMPTY_BODY = YES;
				CLANG_WARN_ENUM_CONVERSION = YES;
				CLANG_WARN_INFINITE_RECURSION = YES;
				CLANG_WARN_INT_CONVERSION = YES;
				CLANG_WARN_NON_LITERAL_NULL_CONVERSION = YES;
				CLANG_WARN_OBJC_IMPLICIT_RETAIN_SELF = YES;
				CLANG_WARN_OBJC_LITERAL_CONVERSION = YES;
				CLANG_WARN_OBJC_ROOT_CLASS = YES_ERROR;
				CLANG_WARN_QUOTED_INCLUDE_IN_FRAMEWORK_HEADER = YES;
				CLANG_WARN_RANGE_LOOP_ANALYSIS = YES;
				CLANG_WARN_STRICT_PROTOTYPES = YES;
				CLANG_WARN_SUSPICIOUS_MOVE = YES;
				CLANG_WARN_UNGUARDED_AVAILABILITY = YES_AGGRESSIVE;
				CLANG_WARN_UNREACHABLE_CODE = YES;
				CLANG_WARN__DUPLICATE_METHOD_MATCH = YES;
				COPY_PHASE_STRIP = NO;
				DEBUG_INFORMATION_FORMAT = dwarf;
				ENABLE_STRICT_OBJC_MSGSEND = YES;
				ENABLE_TESTABILITY = YES;
				GCC_C_LANGUAGE_STANDARD = gnu11;
				GCC_DYNAMIC_NO_PIC = NO;
				GCC_NO_COMMON_BLOCKS = YES;
				GCC_OPTIMIZATION_LEVEL = 0;
				GCC_PREPROCESSOR_DEFINITIONS = (
					"DEBUG=1",
					"$(inherited)",
				);
				GCC_WARN_64_TO_32_BIT_CONVERSION = YES;
				GCC_WARN_ABOUT_RETURN_TYPE = YES_ERROR;
				GCC_WARN_UNDECLARED_SELECTOR = YES;
				GCC_WARN_UNINITIALIZED_AUTOS = YES_AGGRESSIVE;
				GCC_WARN_UNUSED_FUNCTION = YES;
				GCC_WARN_UNUSED_VARIABLE = YES;
				MTL_ENABLE_DEBUG_INFO = INCLUDE_SOURCE;
				MTL_FAST_MATH = YES;
				ONLY_ACTIVE_ARCH = YES;
				SDKROOT = xros;
				SWIFT_ACTIVE_COMPILATION_CONDITIONS = DEBUG;
				SWIFT_OPTIMIZATION_LEVEL = "-Onone";
				XROS_DEPLOYMENT_TARGET = 1.0;
			};
			name = Debug;
		};
		A100000072D000000000000002 /* Release */ = {
			isa = XCBuildConfiguration;
			buildSettings = {
				ALWAYS_SEARCH_USER_PATHS = NO;
				CLANG_ANALYZER_NONNULL = YES;
				CLANG_ANALYZER_NUMBER_OBJECT_CONVERSION = YES_AGGRESSIVE;
				CLANG_CXX_LANGUAGE_STANDARD = "gnu++20";
				CLANG_ENABLE_MODULES = YES;
				CLANG_ENABLE_OBJC_ARC = YES;
				CLANG_ENABLE_OBJC_WEAK = YES;
				CLANG_WARN_BLOCK_CAPTURE_AUTORELEASING = YES;
				CLANG_WARN_BOOL_CONVERSION = YES;
				CLANG_WARN_COMMA = YES;
				CLANG_WARN_CONSTANT_CONVERSION = YES;
				CLANG_WARN_DEPRECATED_OBJC_IMPLEMENTATIONS = YES;
				CLANG_WARN_DIRECT_OBJC_ISA_USAGE = YES_ERROR;
				CLANG_WARN_DOCUMENTATION_COMMENTS = YES;
				CLANG_WARN_EMPTY_BODY = YES;
				CLANG_WARN_ENUM_CONVERSION = YES;
				CLANG_WARN_INFINITE_RECURSION = YES;
				CLANG_WARN_INT_CONVERSION = YES;
				CLANG_WARN_NON_LITERAL_NULL_CONVERSION = YES;
				CLANG_WARN_OBJC_IMPLICIT_RETAIN_SELF = YES;
				CLANG_WARN_OBJC_LITERAL_CONVERSION = YES;
				CLANG_WARN_OBJC_ROOT_CLASS = YES_ERROR;
				CLANG_WARN_QUOTED_INCLUDE_IN_FRAMEWORK_HEADER = YES;
				CLANG_WARN_RANGE_LOOP_ANALYSIS = YES;
				CLANG_WARN_STRICT_PROTOTYPES = YES;
				CLANG_WARN_SUSPICIOUS_MOVE = YES;
				CLANG_WARN_UNGUARDED_AVAILABILITY = YES_AGGRESSIVE;
				CLANG_WARN_UNREACHABLE_CODE = YES;
				CLANG_WARN__DUPLICATE_METHOD_MATCH = YES;
				COPY_PHASE_STRIP = NO;
				DEBUG_INFORMATION_FORMAT = "dwarf-with-dsym";
				ENABLE_NS_ASSERTIONS = NO;
				ENABLE_STRICT_OBJC_MSGSEND = YES;
				GCC_C_LANGUAGE_STANDARD = gnu11;
				GCC_NO_COMMON_BLOCKS = YES;
				GCC_WARN_64_TO_32_BIT_CONVERSION = YES;
				GCC_WARN_ABOUT_RETURN_TYPE = YES_ERROR;
				GCC_WARN_UNDECLARED_SELECTOR = YES;
				GCC_WARN_UNINITIALIZED_AUTOS = YES_AGGRESSIVE;
				GCC_WARN_UNUSED_FUNCTION = YES;
				GCC_WARN_UNUSED_VARIABLE = YES;
				MTL_ENABLE_DEBUG_INFO = NO;
				MTL_FAST_MATH = YES;
				SDKROOT = xros;
				SWIFT_COMPILATION_MODE = wholemodule;
				SWIFT_OPTIMIZATION_LEVEL = "-O";
				VALIDATE_PRODUCT = YES;
				XROS_DEPLOYMENT_TARGET = 1.0;
			};
			name = Release;
		};
		A100000072D000000000000003 /* Debug */ = {
			isa = XCBuildConfiguration;
			buildSettings = {
				ASSETCATALOG_COMPILER_APPICON_NAME = AppIcon;
				ASSETCATALOG_COMPILER_GLOBAL_ACCENT_COLOR_NAME = AccentColor;
				CODE_SIGN_STYLE = Automatic;
				CURRENT_PROJECT_VERSION = 1;
				DEVELOPMENT_ASSET_PATHS = "\"Demo-visionOS/Preview Content\"";
				ENABLE_PREVIEWS = YES;
				GENERATE_INFOPLIST_FILE = YES;
				INFOPLIST_FILE = "Demo-visionOS/Info.plist";
				LD_RUNPATH_SEARCH_PATHS = (
					"$(inherited)",
					"@executable_path/Frameworks",
				);
				MARKETING_VERSION = 1.0;
				PRODUCT_BUNDLE_IDENTIFIER = "com.mpvkit.Demo-visionOS";
				PRODUCT_NAME = "$(TARGET_NAME)";
				SUPPORTED_PLATFORMS = "xros xrsimulator";
				SWIFT_EMIT_LOC_STRINGS = YES;
				SWIFT_VERSION = 5.0;
				TARGETED_DEVICE_FAMILY = 7;
			};
			name = Debug;
		};
		A100000072D000000000000004 /* Release */ = {
			isa = XCBuildConfiguration;
			buildSettings = {
				ASSETCATALOG_COMPILER_APPICON_NAME = AppIcon;
				ASSETCATALOG_COMPILER_GLOBAL_ACCENT_COLOR_NAME = AccentColor;
				CODE_SIGN_STYLE = Automatic;
				CURRENT_PROJECT_VERSION = 1;
				DEVELOPMENT_ASSET_PATHS = "\"Demo-visionOS/Preview Content\"";
				ENABLE_PREVIEWS = YES;
				GENERATE_INFOPLIST_FILE = YES;
				INFOPLIST_FILE = "Demo-visionOS/Info.plist";
				LD_RUNPATH_SEARCH_PATHS = (
					"$(inherited)",
					"@executable_path/Frameworks",
				);
				MARKETING_VERSION = 1.0;
				PRODUCT_BUNDLE_IDENTIFIER = "com.mpvkit.Demo-visionOS";
				PRODUCT_NAME = "$(TARGET_NAME)";
				SUPPORTED_PLATFORMS = "xros xrsimulator";
				SWIFT_EMIT_LOC_STRINGS = YES;
				SWIFT_VERSION = 5.0;
				TARGETED_DEVICE_FAMILY = 7;
			};
			name = Release;
		};
/* End XCBuildConfiguration section */

/* Begin XCConfigurationList section */
		A100000082D000000000000001 /* Build configuration list for PBXProject "Demo-visionOS" */ = {
			isa = XCConfigurationList;
			buildConfigurations = (
				A100000072D000000000000001 /* Debug */,
				A100000072D000000000000002 /* Release */,
			);
			defaultConfigurationIsVisible = 0;
			defaultConfigurationName = Release;
		};
		A100000082D000000000000002 /* Build configuration list for PBXNativeTarget "Demo-visionOS" */ = {
			isa = XCConfigurationList;
			buildConfigurations = (
				A100000072D000000000000003 /* Debug */,
				A100000072D000000000000004 /* Release */,
			);
			defaultConfigurationIsVisible = 0;
			defaultConfigurationName = Release;
		};
/* End XCConfigurationList section */

/* Begin XCSwiftPackageProductDependency section */
		A100000D2D000000000000001 /* MPVKit-GPL */ = {
			isa = XCSwiftPackageProductDependency;
			productName = "MPVKit-GPL";
		};
/* End XCSwiftPackageProductDependency section */
	};
	rootObject = A100000092D000000000000001 /* Project object */;
}
